Microsoft Visual Studio Solution File, Format Version 12.00
# Visual Studio 2013
VisualStudioVersion = 12.0.30501.0
MinimumVisualStudioVersion = 10.0.40219.1
Project("{FAE04EC0-301F-11D3-BF4B-00C04F79EFBC}") = "OCM.API.Model", "OCM.API.Model.Portable\OCM.API.Model.csproj", "{2C10279A-FE64-4A1E-AE73-915763F920D7}"
EndProject
Project("{2150E333-8FDC-42A3-9474-1A3956D46DE8}") = ".nuget", ".nuget", "{D1B090F2-DB1B-4233-86FA-5212BF419A81}"
	ProjectSection(SolutionItems) = preProject
		.nuget\NuGet.Config = .nuget\NuGet.Config
		.nuget\NuGet.exe = .nuget\NuGet.exe
		.nuget\NuGet.targets = .nuget\NuGet.targets
	EndProjectSection
EndProject
Project("{FAE04EC0-301F-11D3-BF4B-00C04F79EFBC}") = "OCM.API.Client", "OCM.API.Client.Portable\OCM.API.Client\OCM.API.Client.csproj", "{4C6DB809-39DC-4F15-87E9-CEE81B28E9A0}"
EndProject
Global
	GlobalSection(SolutionConfigurationPlatforms) = preSolution
		Debug|Any CPU = Debug|Any CPU
		Release|Any CPU = Release|Any CPU
	EndGlobalSection
	GlobalSection(ProjectConfigurationPlatforms) = postSolution
		{2C10279A-FE64-4A1E-AE73-915763F920D7}.Debug|Any CPU.ActiveCfg = Debug|Any CPU
		{2C10279A-FE64-4A1E-AE73-915763F920D7}.Debug|Any CPU.Build.0 = Debug|Any CPU
		{2C10279A-FE64-4A1E-AE73-915763F920D7}.Release|Any CPU.ActiveCfg = Release|Any CPU
		{2C10279A-FE64-4A1E-AE73-915763F920D7}.Release|Any CPU.Build.0 = Release|Any CPU
		{4C6DB809-39DC-4F15-87E9-CEE81B28E9A0}.Debug|Any CPU.ActiveCfg = Debug|Any CPU
		{4C6DB809-39DC-4F15-87E9-CEE81B28E9A0}.Debug|Any CPU.Build.0 = Debug|Any CPU
		{4C6DB809-39DC-4F15-87E9-CEE81B28E9A0}.Release|Any CPU.ActiveCfg = Release|Any CPU
		{4C6DB809-39DC-4F15-87E9-CEE81B28E9A0}.Release|Any CPU.Build.0 = Release|Any CPU
	EndGlobalSection
	GlobalSection(SolutionProperties) = preSolution
		HideSolutionNode = FALSE
	EndGlobalSection
EndGlobal
