
Microsoft Visual Studio Solution File, Format Version 11.00
# Visual Studio 2010
Project("{FAE04EC0-301F-11D3-BF4B-00C04F79EFBC}") = "OCM.Import.Manager.UI", "OCM.Import.Manager.UI.csproj", "{2883D58B-8484-4BEB-9732-5D878D789EE2}"
EndProject
Project("{FAE04EC0-301F-11D3-BF4B-00C04F79EFBC}") = "OCM.Import.Common", "..\OCM.Import.Common\OCM.Import.Common.csproj", "{C65726E4-1154-4A3D-B3AB-B1DD50590E34}"
EndProject
Project("{FAE04EC0-301F-11D3-BF4B-00C04F79EFBC}") = "OCM.API.Client", "..\..\API\OCM.Net\OCM.API.Client\OCM.API.Client.csproj", "{FB8CC59F-B6E7-49DA-8D89-F6BB1BD4254C}"
EndProject
Project("{FAE04EC0-301F-11D3-BF4B-00C04F79EFBC}") = "OCM.API.Common.Model", "..\..\API\OCM.Net\OCM.API.Model\OCM.API.Common.Model.csproj", "{F330ECA1-D079-4EE0-AEB4-30A3FD67FE03}"
EndProject
Project("{FAE04EC0-301F-11D3-BF4B-00C04F79EFBC}") = "OCM.Import.Manager.Console", "..\OCM.Import.Manager.Console\OCM.Import.Manager.Console.csproj", "{E10DFCB9-3DF0-4EF9-9E32-2498CA0E2871}"
EndProject
Global
	GlobalSection(SolutionConfigurationPlatforms) = preSolution
		Debug|Any CPU = Debug|Any CPU
		Debug|Mixed Platforms = Debug|Mixed Platforms
		Debug|x86 = Debug|x86
		Release|Any CPU = Release|Any CPU
		Release|Mixed Platforms = Release|Mixed Platforms
		Release|x86 = Release|x86
	EndGlobalSection
	GlobalSection(ProjectConfigurationPlatforms) = postSolution
		{2883D58B-8484-4BEB-9732-5D878D789EE2}.Debug|Any CPU.ActiveCfg = Debug|x86
		{2883D58B-8484-4BEB-9732-5D878D789EE2}.Debug|Mixed Platforms.ActiveCfg = Debug|x86
		{2883D58B-8484-4BEB-9732-5D878D789EE2}.Debug|Mixed Platforms.Build.0 = Debug|x86
		{2883D58B-8484-4BEB-9732-5D878D789EE2}.Debug|x86.ActiveCfg = Debug|x86
		{2883D58B-8484-4BEB-9732-5D878D789EE2}.Debug|x86.Build.0 = Debug|x86
		{2883D58B-8484-4BEB-9732-5D878D789EE2}.Release|Any CPU.ActiveCfg = Release|x86
		{2883D58B-8484-4BEB-9732-5D878D789EE2}.Release|Mixed Platforms.ActiveCfg = Release|x86
		{2883D58B-8484-4BEB-9732-5D878D789EE2}.Release|Mixed Platforms.Build.0 = Release|x86
		{2883D58B-8484-4BEB-9732-5D878D789EE2}.Release|x86.ActiveCfg = Release|x86
		{2883D58B-8484-4BEB-9732-5D878D789EE2}.Release|x86.Build.0 = Release|x86
		{C65726E4-1154-4A3D-B3AB-B1DD50590E34}.Debug|Any CPU.ActiveCfg = Debug|Any CPU
		{C65726E4-1154-4A3D-B3AB-B1DD50590E34}.Debug|Any CPU.Build.0 = Debug|Any CPU
		{C65726E4-1154-4A3D-B3AB-B1DD50590E34}.Debug|Mixed Platforms.ActiveCfg = Debug|Any CPU
		{C65726E4-1154-4A3D-B3AB-B1DD50590E34}.Debug|Mixed Platforms.Build.0 = Debug|Any CPU
		{C65726E4-1154-4A3D-B3AB-B1DD50590E34}.Debug|x86.ActiveCfg = Debug|Any CPU
		{C65726E4-1154-4A3D-B3AB-B1DD50590E34}.Release|Any CPU.ActiveCfg = Release|Any CPU
		{C65726E4-1154-4A3D-B3AB-B1DD50590E34}.Release|Any CPU.Build.0 = Release|Any CPU
		{C65726E4-1154-4A3D-B3AB-B1DD50590E34}.Release|Mixed Platforms.ActiveCfg = Release|Any CPU
		{C65726E4-1154-4A3D-B3AB-B1DD50590E34}.Release|Mixed Platforms.Build.0 = Release|Any CPU
		{C65726E4-1154-4A3D-B3AB-B1DD50590E34}.Release|x86.ActiveCfg = Release|Any CPU
		{FB8CC59F-B6E7-49DA-8D89-F6BB1BD4254C}.Debug|Any CPU.ActiveCfg = Debug|Any CPU
		{FB8CC59F-B6E7-49DA-8D89-F6BB1BD4254C}.Debug|Any CPU.Build.0 = Debug|Any CPU
		{FB8CC59F-B6E7-49DA-8D89-F6BB1BD4254C}.Debug|Mixed Platforms.ActiveCfg = Debug|Any CPU
		{FB8CC59F-B6E7-49DA-8D89-F6BB1BD4254C}.Debug|Mixed Platforms.Build.0 = Debug|Any CPU
		{FB8CC59F-B6E7-49DA-8D89-F6BB1BD4254C}.Debug|x86.ActiveCfg = Debug|Any CPU
		{FB8CC59F-B6E7-49DA-8D89-F6BB1BD4254C}.Release|Any CPU.ActiveCfg = Release|Any CPU
		{FB8CC59F-B6E7-49DA-8D89-F6BB1BD4254C}.Release|Any CPU.Build.0 = Release|Any CPU
		{FB8CC59F-B6E7-49DA-8D89-F6BB1BD4254C}.Release|Mixed Platforms.ActiveCfg = Release|Any CPU
		{FB8CC59F-B6E7-49DA-8D89-F6BB1BD4254C}.Release|Mixed Platforms.Build.0 = Release|Any CPU
		{FB8CC59F-B6E7-49DA-8D89-F6BB1BD4254C}.Release|x86.ActiveCfg = Release|Any CPU
		{F330ECA1-D079-4EE0-AEB4-30A3FD67FE03}.Debug|Any CPU.ActiveCfg = Debug|Any CPU
		{F330ECA1-D079-4EE0-AEB4-30A3FD67FE03}.Debug|Any CPU.Build.0 = Debug|Any CPU
		{F330ECA1-D079-4EE0-AEB4-30A3FD67FE03}.Debug|Mixed Platforms.ActiveCfg = Debug|Any CPU
		{F330ECA1-D079-4EE0-AEB4-30A3FD67FE03}.Debug|Mixed Platforms.Build.0 = Debug|Any CPU
		{F330ECA1-D079-4EE0-AEB4-30A3FD67FE03}.Debug|x86.ActiveCfg = Debug|Any CPU
		{F330ECA1-D079-4EE0-AEB4-30A3FD67FE03}.Release|Any CPU.ActiveCfg = Release|Any CPU
		{F330ECA1-D079-4EE0-AEB4-30A3FD67FE03}.Release|Any CPU.Build.0 = Release|Any CPU
		{F330ECA1-D079-4EE0-AEB4-30A3FD67FE03}.Release|Mixed Platforms.ActiveCfg = Release|Any CPU
		{F330ECA1-D079-4EE0-AEB4-30A3FD67FE03}.Release|Mixed Platforms.Build.0 = Release|Any CPU
		{F330ECA1-D079-4EE0-AEB4-30A3FD67FE03}.Release|x86.ActiveCfg = Release|Any CPU
		{E10DFCB9-3DF0-4EF9-9E32-2498CA0E2871}.Debug|Any CPU.ActiveCfg = Debug|x86
		{E10DFCB9-3DF0-4EF9-9E32-2498CA0E2871}.Debug|Mixed Platforms.ActiveCfg = Debug|x86
		{E10DFCB9-3DF0-4EF9-9E32-2498CA0E2871}.Debug|Mixed Platforms.Build.0 = Debug|x86
		{E10DFCB9-3DF0-4EF9-9E32-2498CA0E2871}.Debug|x86.ActiveCfg = Debug|x86
		{E10DFCB9-3DF0-4EF9-9E32-2498CA0E2871}.Debug|x86.Build.0 = Debug|x86
		{E10DFCB9-3DF0-4EF9-9E32-2498CA0E2871}.Release|Any CPU.ActiveCfg = Release|x86
		{E10DFCB9-3DF0-4EF9-9E32-2498CA0E2871}.Release|Mixed Platforms.ActiveCfg = Release|x86
		{E10DFCB9-3DF0-4EF9-9E32-2498CA0E2871}.Release|Mixed Platforms.Build.0 = Release|x86
		{E10DFCB9-3DF0-4EF9-9E32-2498CA0E2871}.Release|x86.ActiveCfg = Release|x86
		{E10DFCB9-3DF0-4EF9-9E32-2498CA0E2871}.Release|x86.Build.0 = Release|x86
	EndGlobalSection
	GlobalSection(SolutionProperties) = preSolution
		HideSolutionNode = FALSE
	EndGlobalSection
EndGlobal
